
Microsoft Visual Studio Solution File, Format Version 12.00
# Visual Studio Version 16
VisualStudioVersion = 16.0.29728.190
MinimumVisualStudioVersion = 10.0.40219.1
Project("{00D1A9C2-B5F0-4AF3-8072-F6C62B433612}") = "AdventureWorks2016", "AdventureWorks2016\AdventureWorks2016.sqlproj", "{93BDAB38-0891-4670-9723-0B0FD8BABD48}"
EndProject
Global
	GlobalSection(SolutionConfigurationPlatforms) = preSolution
		Debug|Any CPU = Debug|Any CPU
		Release|Any CPU = Release|Any CPU
	EndGlobalSection
	GlobalSection(ProjectConfigurationPlatforms) = postSolution
		{93BDAB38-0891-4670-9723-0B0FD8BABD48}.Debug|Any CPU.ActiveCfg = Debug|Any CPU
		{93BDAB38-0891-4670-9723-0B0FD8BABD48}.Debug|Any CPU.Build.0 = Debug|Any CPU
		{93BDAB38-0891-4670-9723-0B0FD8BABD48}.Debug|Any CPU.Deploy.0 = Debug|Any CPU
		{93BDAB38-0891-4670-9723-0B0FD8BABD48}.Release|Any CPU.ActiveCfg = Release|Any CPU
		{93BDAB38-0891-4670-9723-0B0FD8BABD48}.Release|Any CPU.Build.0 = Release|Any CPU
		{93BDAB38-0891-4670-9723-0B0FD8BABD48}.Release|Any CPU.Deploy.0 = Release|Any CPU
	EndGlobalSection
	GlobalSection(SolutionProperties) = preSolution
		HideSolutionNode = FALSE
	EndGlobalSection
	GlobalSection(ExtensibilityGlobals) = postSolution
		SolutionGuid = {37F479C0-C564-44A1-A79A-D322906B6D97}
	EndGlobalSection
EndGlobal
