
Microsoft Visual Studio Solution File, Format Version 12.00
# Visual Studio Version 16
VisualStudioVersion = 16.0.29728.190
MinimumVisualStudioVersion = 10.0.40219.1
Project("{FAE04EC0-301F-11D3-BF4B-00C04F79EFBC}") = "MVVMBase", "MVVMBase\MVVMBase.csproj", "{69856DCC-B068-4F49-B236-6126A3F23F09}"
EndProject
Project("{FAE04EC0-301F-11D3-BF4B-00C04F79EFBC}") = "DataScriptr", "DataScriptr\DataScriptr.csproj", "{5A710E19-CA8E-495F-8750-F1C1065EB5D8}"
EndProject
Project("{9A19103F-16F7-4668-BE54-9A1E7A4F7556}") = "DataScriptr.Library", "DataScriptr.Library\DataScriptr.Library.csproj", "{377A6EE2-FA8C-4D54-B818-9941FFEC7721}"
EndProject
Project("{9A19103F-16F7-4668-BE54-9A1E7A4F7556}") = "DataScriptr.Library.Tests", "DataScriptr.Library.Tests\DataScriptr.Library.Tests.csproj", "{F4BD8F9E-7324-4AC2-9B9C-6E85D6E71042}"
EndProject
Global
	GlobalSection(SolutionConfigurationPlatforms) = preSolution
		Debug|Any CPU = Debug|Any CPU
		Release|Any CPU = Release|Any CPU
	EndGlobalSection
	GlobalSection(ProjectConfigurationPlatforms) = postSolution
		{69856DCC-B068-4F49-B236-6126A3F23F09}.Debug|Any CPU.ActiveCfg = Debug|Any CPU
		{69856DCC-B068-4F49-B236-6126A3F23F09}.Debug|Any CPU.Build.0 = Debug|Any CPU
		{69856DCC-B068-4F49-B236-6126A3F23F09}.Release|Any CPU.ActiveCfg = Release|Any CPU
		{69856DCC-B068-4F49-B236-6126A3F23F09}.Release|Any CPU.Build.0 = Release|Any CPU
		{5A710E19-CA8E-495F-8750-F1C1065EB5D8}.Debug|Any CPU.ActiveCfg = Debug|Any CPU
		{5A710E19-CA8E-495F-8750-F1C1065EB5D8}.Debug|Any CPU.Build.0 = Debug|Any CPU
		{5A710E19-CA8E-495F-8750-F1C1065EB5D8}.Release|Any CPU.ActiveCfg = Release|Any CPU
		{5A710E19-CA8E-495F-8750-F1C1065EB5D8}.Release|Any CPU.Build.0 = Release|Any CPU
		{377A6EE2-FA8C-4D54-B818-9941FFEC7721}.Debug|Any CPU.ActiveCfg = Debug|Any CPU
		{377A6EE2-FA8C-4D54-B818-9941FFEC7721}.Debug|Any CPU.Build.0 = Debug|Any CPU
		{377A6EE2-FA8C-4D54-B818-9941FFEC7721}.Release|Any CPU.ActiveCfg = Release|Any CPU
		{377A6EE2-FA8C-4D54-B818-9941FFEC7721}.Release|Any CPU.Build.0 = Release|Any CPU
		{F4BD8F9E-7324-4AC2-9B9C-6E85D6E71042}.Debug|Any CPU.ActiveCfg = Debug|Any CPU
		{F4BD8F9E-7324-4AC2-9B9C-6E85D6E71042}.Debug|Any CPU.Build.0 = Debug|Any CPU
		{F4BD8F9E-7324-4AC2-9B9C-6E85D6E71042}.Release|Any CPU.ActiveCfg = Release|Any CPU
		{F4BD8F9E-7324-4AC2-9B9C-6E85D6E71042}.Release|Any CPU.Build.0 = Release|Any CPU
	EndGlobalSection
	GlobalSection(SolutionProperties) = preSolution
		HideSolutionNode = FALSE
	EndGlobalSection
	GlobalSection(ExtensibilityGlobals) = postSolution
		SolutionGuid = {7532EB47-7B08-4FFE-8A52-7824B4FB7042}
	EndGlobalSection
EndGlobal
